
Microsoft Visual Studio Solution File, Format Version 12.00
# Visual Studio Version 17
VisualStudioVersion = 17.5.002.0
MinimumVisualStudioVersion = 10.0.40219.1
Project("{9A19103F-16F7-4668-BE54-9A1E7A4F7556}") = "CameraStore", "CameraStore.csproj", "{4DFF5670-907A-41F9-B647-47F0AD8B06C8}"
EndProject
Global
	GlobalSection(SolutionConfigurationPlatforms) = preSolution
		Debug|Any CPU = Debug|Any CPU
		Release|Any CPU = Release|Any CPU
	EndGlobalSection
	GlobalSection(ProjectConfigurationPlatforms) = postSolution
		{4DFF5670-907A-41F9-B647-47F0AD8B06C8}.Debug|Any CPU.ActiveCfg = Debug|Any CPU
		{4DFF5670-907A-41F9-B647-47F0AD8B06C8}.Debug|Any CPU.Build.0 = Debug|Any CPU
		{4DFF5670-907A-41F9-B647-47F0AD8B06C8}.Release|Any CPU.ActiveCfg = Release|Any CPU
		{4DFF5670-907A-41F9-B647-47F0AD8B06C8}.Release|Any CPU.Build.0 = Release|Any CPU
	EndGlobalSection
	GlobalSection(SolutionProperties) = preSolution
		HideSolutionNode = FALSE
	EndGlobalSection
	GlobalSection(ExtensibilityGlobals) = postSolution
		SolutionGuid = {3C607161-CE26-4819-A8B3-5500D42B10B0}
	EndGlobalSection
EndGlobal
